
Microsoft Visual Studio Solution File, Format Version 12.00
# Visual Studio Version 17
VisualStudioVersion = 17.1.32328.378
MinimumVisualStudioVersion = 10.0.40219.1
Project("{9A19103F-16F7-4668-BE54-9A1E7A4F7556}") = "LrWallPaper", "src\LrWallPaper\LrWallPaper.csproj", "{F25E5A6B-6D59-4917-ABC4-D8F7EA84FEED}"
EndProject
Project("{9A19103F-16F7-4668-BE54-9A1E7A4F7556}") = "LrWallPaper.Tests", "test\LrWallPaper.Tests\LrWallPaper.Tests.csproj", "{31A3BA31-C5D4-4D2F-B0B9-30508A0E0F81}"
EndProject
Project("{2150E333-8FDC-42A3-9474-1A3956D46DE8}") = "Solution Items", "Solution Items", "{146580BA-31E3-4E2A-80A3-8744D51B9071}"
	ProjectSection(SolutionItems) = preProject
		README.md = README.md
	EndProjectSection
EndProject
Global
	GlobalSection(SolutionConfigurationPlatforms) = preSolution
		Debug|Any CPU = Debug|Any CPU
		Release|Any CPU = Release|Any CPU
	EndGlobalSection
	GlobalSection(ProjectConfigurationPlatforms) = postSolution
		{F25E5A6B-6D59-4917-ABC4-D8F7EA84FEED}.Debug|Any CPU.ActiveCfg = Debug|Any CPU
		{F25E5A6B-6D59-4917-ABC4-D8F7EA84FEED}.Debug|Any CPU.Build.0 = Debug|Any CPU
		{F25E5A6B-6D59-4917-ABC4-D8F7EA84FEED}.Release|Any CPU.ActiveCfg = Release|Any CPU
		{F25E5A6B-6D59-4917-ABC4-D8F7EA84FEED}.Release|Any CPU.Build.0 = Release|Any CPU
		{31A3BA31-C5D4-4D2F-B0B9-30508A0E0F81}.Debug|Any CPU.ActiveCfg = Debug|Any CPU
		{31A3BA31-C5D4-4D2F-B0B9-30508A0E0F81}.Debug|Any CPU.Build.0 = Debug|Any CPU
		{31A3BA31-C5D4-4D2F-B0B9-30508A0E0F81}.Release|Any CPU.ActiveCfg = Release|Any CPU
		{31A3BA31-C5D4-4D2F-B0B9-30508A0E0F81}.Release|Any CPU.Build.0 = Release|Any CPU
	EndGlobalSection
	GlobalSection(SolutionProperties) = preSolution
		HideSolutionNode = FALSE
	EndGlobalSection
	GlobalSection(ExtensibilityGlobals) = postSolution
		SolutionGuid = {2C01EFA6-FAA1-4C90-9687-5E9C9734E9D5}
	EndGlobalSection
EndGlobal
